
Microsoft Visual Studio Solution File, Format Version 12.00
# Visual Studio Version 17
VisualStudioVersion = 17.13.35617.110
MinimumVisualStudioVersion = 10.0.40219.1
Project("{C7167F0D-BC9F-4E6E-AFE1-012C56B48DB5}") = "msvs-com-tutorial (Package)", "msvs-com-tutorial (Package)\msvs-com-tutorial (Package).wapproj", "{A5A5E544-350B-4374-A06E-AC6EEC0EEC3A}"
EndProject
Project("{8BC9CEB8-8B4A-11D0-8D11-00A0C91BC942}") = "msvs-com-tutorial", "msvs-com-tutorial\msvs-com-tutorial.vcxproj", "{BB7B938D-6E69-4BF2-A747-76D5A2D905B8}"
EndProject
Project("{8BC9CEB8-8B4A-11D0-8D11-00A0C91BC942}") = "HelloComClient", "HelloComClient\HelloComClient.vcxproj", "{257311E1-1641-4F03-AE8C-B0D72650EE9E}"
EndProject
Global
	GlobalSection(SolutionConfigurationPlatforms) = preSolution
		Debug|ARM64 = Debug|ARM64
		Debug|x64 = Debug|x64
		Debug|x86 = Debug|x86
		Release|ARM64 = Release|ARM64
		Release|x64 = Release|x64
		Release|x86 = Release|x86
	EndGlobalSection
	GlobalSection(ProjectConfigurationPlatforms) = postSolution
		{A5A5E544-350B-4374-A06E-AC6EEC0EEC3A}.Debug|ARM64.ActiveCfg = Debug|ARM64
		{A5A5E544-350B-4374-A06E-AC6EEC0EEC3A}.Debug|ARM64.Build.0 = Debug|ARM64
		{A5A5E544-350B-4374-A06E-AC6EEC0EEC3A}.Debug|ARM64.Deploy.0 = Debug|ARM64
		{A5A5E544-350B-4374-A06E-AC6EEC0EEC3A}.Debug|x64.ActiveCfg = Debug|x64
		{A5A5E544-350B-4374-A06E-AC6EEC0EEC3A}.Debug|x64.Build.0 = Debug|x64
		{A5A5E544-350B-4374-A06E-AC6EEC0EEC3A}.Debug|x64.Deploy.0 = Debug|x64
		{A5A5E544-350B-4374-A06E-AC6EEC0EEC3A}.Debug|x86.ActiveCfg = Debug|x86
		{A5A5E544-350B-4374-A06E-AC6EEC0EEC3A}.Debug|x86.Build.0 = Debug|x86
		{A5A5E544-350B-4374-A06E-AC6EEC0EEC3A}.Debug|x86.Deploy.0 = Debug|x86
		{A5A5E544-350B-4374-A06E-AC6EEC0EEC3A}.Release|ARM64.ActiveCfg = Release|ARM64
		{A5A5E544-350B-4374-A06E-AC6EEC0EEC3A}.Release|ARM64.Build.0 = Release|ARM64
		{A5A5E544-350B-4374-A06E-AC6EEC0EEC3A}.Release|ARM64.Deploy.0 = Release|ARM64
		{A5A5E544-350B-4374-A06E-AC6EEC0EEC3A}.Release|x64.ActiveCfg = Release|x64
		{A5A5E544-350B-4374-A06E-AC6EEC0EEC3A}.Release|x64.Build.0 = Release|x64
		{A5A5E544-350B-4374-A06E-AC6EEC0EEC3A}.Release|x64.Deploy.0 = Release|x64
		{A5A5E544-350B-4374-A06E-AC6EEC0EEC3A}.Release|x86.ActiveCfg = Release|x86
		{A5A5E544-350B-4374-A06E-AC6EEC0EEC3A}.Release|x86.Build.0 = Release|x86
		{A5A5E544-350B-4374-A06E-AC6EEC0EEC3A}.Release|x86.Deploy.0 = Release|x86
		{BB7B938D-6E69-4BF2-A747-76D5A2D905B8}.Debug|ARM64.ActiveCfg = Debug|ARM64
		{BB7B938D-6E69-4BF2-A747-76D5A2D905B8}.Debug|ARM64.Build.0 = Debug|ARM64
		{BB7B938D-6E69-4BF2-A747-76D5A2D905B8}.Debug|x64.ActiveCfg = Debug|x64
		{BB7B938D-6E69-4BF2-A747-76D5A2D905B8}.Debug|x64.Build.0 = Debug|x64
		{BB7B938D-6E69-4BF2-A747-76D5A2D905B8}.Debug|x86.ActiveCfg = Debug|Win32
		{BB7B938D-6E69-4BF2-A747-76D5A2D905B8}.Debug|x86.Build.0 = Debug|Win32
		{BB7B938D-6E69-4BF2-A747-76D5A2D905B8}.Release|ARM64.ActiveCfg = Release|ARM64
		{BB7B938D-6E69-4BF2-A747-76D5A2D905B8}.Release|ARM64.Build.0 = Release|ARM64
		{BB7B938D-6E69-4BF2-A747-76D5A2D905B8}.Release|x64.ActiveCfg = Release|x64
		{BB7B938D-6E69-4BF2-A747-76D5A2D905B8}.Release|x64.Build.0 = Release|x64
		{BB7B938D-6E69-4BF2-A747-76D5A2D905B8}.Release|x86.ActiveCfg = Release|Win32
		{BB7B938D-6E69-4BF2-A747-76D5A2D905B8}.Release|x86.Build.0 = Release|Win32
		{257311E1-1641-4F03-AE8C-B0D72650EE9E}.Debug|ARM64.ActiveCfg = Debug|x64
		{257311E1-1641-4F03-AE8C-B0D72650EE9E}.Debug|ARM64.Build.0 = Debug|x64
		{257311E1-1641-4F03-AE8C-B0D72650EE9E}.Debug|x64.ActiveCfg = Debug|x64
		{257311E1-1641-4F03-AE8C-B0D72650EE9E}.Debug|x64.Build.0 = Debug|x64
		{257311E1-1641-4F03-AE8C-B0D72650EE9E}.Debug|x86.ActiveCfg = Debug|Win32
		{257311E1-1641-4F03-AE8C-B0D72650EE9E}.Debug|x86.Build.0 = Debug|Win32
		{257311E1-1641-4F03-AE8C-B0D72650EE9E}.Release|ARM64.ActiveCfg = Release|x64
		{257311E1-1641-4F03-AE8C-B0D72650EE9E}.Release|ARM64.Build.0 = Release|x64
		{257311E1-1641-4F03-AE8C-B0D72650EE9E}.Release|x64.ActiveCfg = Release|x64
		{257311E1-1641-4F03-AE8C-B0D72650EE9E}.Release|x64.Build.0 = Release|x64
		{257311E1-1641-4F03-AE8C-B0D72650EE9E}.Release|x86.ActiveCfg = Release|Win32
		{257311E1-1641-4F03-AE8C-B0D72650EE9E}.Release|x86.Build.0 = Release|Win32
	EndGlobalSection
	GlobalSection(SolutionProperties) = preSolution
		HideSolutionNode = FALSE
	EndGlobalSection
	GlobalSection(ExtensibilityGlobals) = postSolution
		SolutionGuid = {50F85C11-B32D-4901-97BC-595C3A6E9A32}
	EndGlobalSection
EndGlobal
